
Microsoft Visual Studio Solution File, Format Version 12.00
# Visual Studio Version 17
VisualStudioVersion = 17.6.33801.468
MinimumVisualStudioVersion = 10.0.40219.1
Project("{FAE04EC0-301F-11D3-BF4B-00C04F79EFBC}") = "AspNetCoreMVCBase", "AspNetCoreMVCBase\AspNetCoreMVCBase.csproj", "{6281E319-405A-4443-A3CF-0FA2357FC136}"
EndProject
Global
	GlobalSection(SolutionConfigurationPlatforms) = preSolution
		Debug|Any CPU = Debug|Any CPU
		Release|Any CPU = Release|Any CPU
	EndGlobalSection
	GlobalSection(ProjectConfigurationPlatforms) = postSolution
		{6281E319-405A-4443-A3CF-0FA2357FC136}.Debug|Any CPU.ActiveCfg = Debug|Any CPU
		{6281E319-405A-4443-A3CF-0FA2357FC136}.Debug|Any CPU.Build.0 = Debug|Any CPU
		{6281E319-405A-4443-A3CF-0FA2357FC136}.Release|Any CPU.ActiveCfg = Release|Any CPU
		{6281E319-405A-4443-A3CF-0FA2357FC136}.Release|Any CPU.Build.0 = Release|Any CPU
	EndGlobalSection
	GlobalSection(SolutionProperties) = preSolution
		HideSolutionNode = FALSE
	EndGlobalSection
	GlobalSection(ExtensibilityGlobals) = postSolution
		SolutionGuid = {F5B8597C-D81F-48B7-8363-F490FBBB0F4A}
	EndGlobalSection
EndGlobal
